<?xml version="1.0" encoding="UTF-8"?>
<Scheme
   version = "1.3">
   <BuildAction>
      <BuildActionEntries>
         <BuildActionEntry
            buildForRunning = "YES">
            <BuildableReference
               BuildableIdentifier = "primary"
               BlueprintIdentifier = "28B7294F24FE17C1001DB36D"
               BuildableName = "TestViewWrapper.app"
               BlueprintName = "TestViewWrapper"
               ReferencedContainer = "container:TestViewWrapper.xcodeproj">
            </BuildableReference>
         </BuildActionEntry>
      </BuildActionEntries>
   </BuildAction>
   <LaunchAction
      useCustomWorkingDirectory = "NO"
      buildConfiguration = "Debug"
      allowLocationSimulation = "YES">
      <BuildableProductRunnable>
         <BuildableReference
            BuildableIdentifier = "primary"
            BlueprintIdentifier = "28B7294F24FE17C1001DB36D"
            BuildableName = "TestViewWrapper.app"
            BlueprintName = "TestViewWrapper"
            ReferencedContainer = "container:TestViewWrapper.xcodeproj">
         </BuildableReference>
      </BuildableProductRunnable>
   </LaunchAction>
</Scheme>
