// !$*UTF8*$!
{
	archiveVersion = 1;
	classes = {
	};
	objectVersion = 50;
	objects = {

/* Begin PBXBuildFile section */
		28B7295424FE17C1001DB36D /* AppDelegate.swift in Sources */ = {isa = PBXBuildFile; fileRef = 28B7295324FE17C1001DB36D /* AppDelegate.swift */; };
		28B7295624FE17C1001DB36D /* ContentView.swift in Sources */ = {isa = PBXBuildFile; fileRef = 28B7295524FE17C1001DB36D /* ContentView.swift */; };
		28B7295824FE17C2001DB36D /* Assets.xcassets in Resources */ = {isa = PBXBuildFile; fileRef = 28B7295724FE17C2001DB36D /* Assets.xcassets */; };
		28B7295B24FE17C2001DB36D /* Preview Assets.xcassets in Resources */ = {isa = PBXBuildFile; fileRef = 28B7295A24FE17C2001DB36D /* Preview Assets.xcassets */; };
		28B7295E24FE17C2001DB36D /* Main.storyboard in Resources */ = {isa = PBXBuildFile; fileRef = 28B7295C24FE17C2001DB36D /* Main.storyboard */; };
		28B7296724FE17D7001DB36D /* WrappedColorWell.swift in Sources */ = {isa = PBXBuildFile; fileRef = 28B7296624FE17D7001DB36D /* WrappedColorWell.swift */; };
		28B7296924FE17FB001DB36D /* Model.swift in Sources */ = {isa = PBXBuildFile; fileRef = 28B7296824FE17FB001DB36D /* Model.swift */; };
		33891CD79D016DA82889A09F /* StoreInjection.swift in Sources */ = {isa = PBXBuildFile; fileRef = 338914781D82AF856FA9AB60 /* StoreInjection.swift */; };
		33891FB79FDCF310CBE0FE12 /* ColorEditor.swift in Sources */ = {isa = PBXBuildFile; fileRef = 338915DA4DE2711BD70242E9 /* ColorEditor.swift */; };
/* End PBXBuildFile section */

/* Begin PBXFileReference section */
		28B7295024FE17C1001DB36D /* TestViewWrapper.app */ = {isa = PBXFileReference; explicitFileType = wrapper.application; includeInIndex = 0; path = TestViewWrapper.app; sourceTree = BUILT_PRODUCTS_DIR; };
		28B7295324FE17C1001DB36D /* AppDelegate.swift */ = {isa = PBXFileReference; lastKnownFileType = sourcecode.swift; path = AppDelegate.swift; sourceTree = "<group>"; };
		28B7295524FE17C1001DB36D /* ContentView.swift */ = {isa = PBXFileReference; lastKnownFileType = sourcecode.swift; path = ContentView.swift; sourceTree = "<group>"; };
		28B7295724FE17C2001DB36D /* Assets.xcassets */ = {isa = PBXFileReference; lastKnownFileType = folder.assetcatalog; path = Assets.xcassets; sourceTree = "<group>"; };
		28B7295A24FE17C2001DB36D /* Preview Assets.xcassets */ = {isa = PBXFileReference; lastKnownFileType = folder.assetcatalog; path = "Preview Assets.xcassets"; sourceTree = "<group>"; };
		28B7295D24FE17C2001DB36D /* Base */ = {isa = PBXFileReference; lastKnownFileType = file.storyboard; name = Base; path = Base.lproj/Main.storyboard; sourceTree = "<group>"; };
		28B7295F24FE17C2001DB36D /* Info.plist */ = {isa = PBXFileReference; lastKnownFileType = text.plist.xml; path = Info.plist; sourceTree = "<group>"; };
		28B7296024FE17C2001DB36D /* TestViewWrapper.entitlements */ = {isa = PBXFileReference; lastKnownFileType = text.plist.entitlements; path = TestViewWrapper.entitlements; sourceTree = "<group>"; };
		28B7296624FE17D7001DB36D /* WrappedColorWell.swift */ = {isa = PBXFileReference; fileEncoding = 4; lastKnownFileType = sourcecode.swift; path = WrappedColorWell.swift; sourceTree = "<group>"; };
		28B7296824FE17FB001DB36D /* Model.swift */ = {isa = PBXFileReference; lastKnownFileType = sourcecode.swift; path = Model.swift; sourceTree = "<group>"; };
		338914781D82AF856FA9AB60 /* StoreInjection.swift */ = {isa = PBXFileReference; fileEncoding = 4; lastKnownFileType = sourcecode.swift; path = StoreInjection.swift; sourceTree = "<group>"; };
		338915DA4DE2711BD70242E9 /* ColorEditor.swift */ = {isa = PBXFileReference; fileEncoding = 4; lastKnownFileType = sourcecode.swift; path = ColorEditor.swift; sourceTree = "<group>"; };
/* End PBXFileReference section */

/* Begin PBXFrameworksBuildPhase section */
		28B7294D24FE17C1001DB36D /* Frameworks */ = {
			isa = PBXFrameworksBuildPhase;
			buildActionMask = 2147483647;
			files = (
			);
			runOnlyForDeploymentPostprocessing = 0;
		};
/* End PBXFrameworksBuildPhase section */

/* Begin PBXGroup section */
		28B7294724FE17C1001DB36D = {
			isa = PBXGroup;
			children = (
				28B7295224FE17C1001DB36D /* TestViewWrapper */,
				28B7295124FE17C1001DB36D /* Products */,
			);
			sourceTree = "<group>";
		};
		28B7295124FE17C1001DB36D /* Products */ = {
			isa = PBXGroup;
			children = (
				28B7295024FE17C1001DB36D /* TestViewWrapper.app */,
			);
			name = Products;
			sourceTree = "<group>";
		};
		28B7295224FE17C1001DB36D /* TestViewWrapper */ = {
			isa = PBXGroup;
			children = (
				28B7295324FE17C1001DB36D /* AppDelegate.swift */,
				28B7295524FE17C1001DB36D /* ContentView.swift */,
				28B7295724FE17C2001DB36D /* Assets.xcassets */,
				28B7295C24FE17C2001DB36D /* Main.storyboard */,
				28B7295F24FE17C2001DB36D /* Info.plist */,
				28B7296024FE17C2001DB36D /* TestViewWrapper.entitlements */,
				28B7296624FE17D7001DB36D /* WrappedColorWell.swift */,
				28B7295924FE17C2001DB36D /* Preview Content */,
				28B7296824FE17FB001DB36D /* Model.swift */,
				338915DA4DE2711BD70242E9 /* ColorEditor.swift */,
				338914781D82AF856FA9AB60 /* StoreInjection.swift */,
			);
			path = TestViewWrapper;
			sourceTree = "<group>";
		};
		28B7295924FE17C2001DB36D /* Preview Content */ = {
			isa = PBXGroup;
			children = (
				28B7295A24FE17C2001DB36D /* Preview Assets.xcassets */,
			);
			path = "Preview Content";
			sourceTree = "<group>";
		};
/* End PBXGroup section */

/* Begin PBXNativeTarget section */
		28B7294F24FE17C1001DB36D /* TestViewWrapper */ = {
			isa = PBXNativeTarget;
			buildConfigurationList = 28B7296324FE17C2001DB36D /* Build configuration list for PBXNativeTarget "TestViewWrapper" */;
			buildPhases = (
				28B7294C24FE17C1001DB36D /* Sources */,
				28B7294D24FE17C1001DB36D /* Frameworks */,
				28B7294E24FE17C1001DB36D /* Resources */,
			);
			buildRules = (
			);
			dependencies = (
			);
			name = TestViewWrapper;
			productName = TestViewWrapper;
			productReference = 28B7295024FE17C1001DB36D /* TestViewWrapper.app */;
			productType = "com.apple.product-type.application";
		};
/* End PBXNativeTarget section */

/* Begin PBXProject section */
		28B7294824FE17C1001DB36D /* Project object */ = {
			isa = PBXProject;
			attributes = {
				LastSwiftUpdateCheck = 1160;
				LastUpgradeCheck = 1160;
				ORGANIZATIONNAME = "Neil Clayton";
				TargetAttributes = {
					28B7294F24FE17C1001DB36D = {
						CreatedOnToolsVersion = 11.6;
					};
				};
			};
			buildConfigurationList = 28B7294B24FE17C1001DB36D /* Build configuration list for PBXProject "TestViewWrapper" */;
			compatibilityVersion = "Xcode 9.3";
			developmentRegion = en;
			hasScannedForEncodings = 0;
			knownRegions = (
				en,
				Base,
			);
			mainGroup = 28B7294724FE17C1001DB36D;
			productRefGroup = 28B7295124FE17C1001DB36D /* Products */;
			projectDirPath = "";
			projectRoot = "";
			targets = (
				28B7294F24FE17C1001DB36D /* TestViewWrapper */,
			);
		};
/* End PBXProject section */

/* Begin PBXResourcesBuildPhase section */
		28B7294E24FE17C1001DB36D /* Resources */ = {
			isa = PBXResourcesBuildPhase;
			buildActionMask = 2147483647;
			files = (
				28B7295E24FE17C2001DB36D /* Main.storyboard in Resources */,
				28B7295B24FE17C2001DB36D /* Preview Assets.xcassets in Resources */,
				28B7295824FE17C2001DB36D /* Assets.xcassets in Resources */,
			);
			runOnlyForDeploymentPostprocessing = 0;
		};
/* End PBXResourcesBuildPhase section */

/* Begin PBXSourcesBuildPhase section */
		28B7294C24FE17C1001DB36D /* Sources */ = {
			isa = PBXSourcesBuildPhase;
			buildActionMask = 2147483647;
			files = (
				28B7295624FE17C1001DB36D /* ContentView.swift in Sources */,
				28B7296724FE17D7001DB36D /* WrappedColorWell.swift in Sources */,
				28B7295424FE17C1001DB36D /* AppDelegate.swift in Sources */,
				28B7296924FE17FB001DB36D /* Model.swift in Sources */,
				33891FB79FDCF310CBE0FE12 /* ColorEditor.swift in Sources */,
				33891CD79D016DA82889A09F /* StoreInjection.swift in Sources */,
			);
			runOnlyForDeploymentPostprocessing = 0;
		};
/* End PBXSourcesBuildPhase section */

/* Begin PBXVariantGroup section */
		28B7295C24FE17C2001DB36D /* Main.storyboard */ = {
			isa = PBXVariantGroup;
			children = (
				28B7295D24FE17C2001DB36D /* Base */,
			);
			name = Main.storyboard;
			sourceTree = "<group>";
		};
/* End PBXVariantGroup section */

/* Begin XCBuildConfiguration section */
		28B7296124FE17C2001DB36D /* Debug */ = {
			isa = XCBuildConfiguration;
			buildSettings = {
				ALWAYS_SEARCH_USER_PATHS = NO;
				CLANG_ANALYZER_NONNULL = YES;
				CLANG_ANALYZER_NUMBER_OBJECT_CONVERSION = YES_AGGRESSIVE;
				CLANG_CXX_LANGUAGE_STANDARD = "gnu++14";
				CLANG_CXX_LIBRARY = "libc++";
				CLANG_ENABLE_MODULES = YES;
				CLANG_ENABLE_OBJC_ARC = YES;
				CLANG_ENABLE_OBJC_WEAK = YES;
				CLANG_WARN_BLOCK_CAPTURE_AUTORELEASING = YES;
				CLANG_WARN_BOOL_CONVERSION = YES;
				CLANG_WARN_COMMA = YES;
				CLANG_WARN_CONSTANT_CONVERSION = YES;
				CLANG_WARN_DEPRECATED_OBJC_IMPLEMENTATIONS = YES;
				CLANG_WARN_DIRECT_OBJC_ISA_USAGE = YES_ERROR;
				CLANG_WARN_DOCUMENTATION_COMMENTS = YES;
				CLANG_WARN_EMPTY_BODY = YES;
				CLANG_WARN_ENUM_CONVERSION = YES;
				CLANG_WARN_INFINITE_RECURSION = YES;
				CLANG_WARN_INT_CONVERSION = YES;
				CLANG_WARN_NON_LITERAL_NULL_CONVERSION = YES;
				CLANG_WARN_OBJC_IMPLICIT_RETAIN_SELF = YES;
				CLANG_WARN_OBJC_LITERAL_CONVERSION = YES;
				CLANG_WARN_OBJC_ROOT_CLASS = YES_ERROR;
				CLANG_WARN_RANGE_LOOP_ANALYSIS = YES;
				CLANG_WARN_STRICT_PROTOTYPES = YES;
				CLANG_WARN_SUSPICIOUS_MOVE = YES;
				CLANG_WARN_UNGUARDED_AVAILABILITY = YES_AGGRESSIVE;
				CLANG_WARN_UNREACHABLE_CODE = YES;
				CLANG_WARN__DUPLICATE_METHOD_MATCH = YES;
				COPY_PHASE_STRIP = NO;
				DEBUG_INFORMATION_FORMAT = dwarf;
				ENABLE_STRICT_OBJC_MSGSEND = YES;
				ENABLE_TESTABILITY = YES;
				GCC_C_LANGUAGE_STANDARD = gnu11;
				GCC_DYNAMIC_NO_PIC = NO;
				GCC_NO_COMMON_BLOCKS = YES;
				GCC_OPTIMIZATION_LEVEL = 0;
				GCC_PREPROCESSOR_DEFINITIONS = (
					"DEBUG=1",
					"$(inherited)",
				);
				GCC_WARN_64_TO_32_BIT_CONVERSION = YES;
				GCC_WARN_ABOUT_RETURN_TYPE = YES_ERROR;
				GCC_WARN_UNDECLARED_SELECTOR = YES;
				GCC_WARN_UNINITIALIZED_AUTOS = YES_AGGRESSIVE;
				GCC_WARN_UNUSED_FUNCTION = YES;
				GCC_WARN_UNUSED_VARIABLE = YES;
				MACOSX_DEPLOYMENT_TARGET = 10.15;
				MTL_ENABLE_DEBUG_INFO = INCLUDE_SOURCE;
				MTL_FAST_MATH = YES;
				ONLY_ACTIVE_ARCH = YES;
				SDKROOT = macosx;
				SWIFT_ACTIVE_COMPILATION_CONDITIONS = DEBUG;
				SWIFT_OPTIMIZATION_LEVEL = "-Onone";
			};
			name = Debug;
		};
		28B7296224FE17C2001DB36D /* Release */ = {
			isa = XCBuildConfiguration;
			buildSettings = {
				ALWAYS_SEARCH_USER_PATHS = NO;
				CLANG_ANALYZER_NONNULL = YES;
				CLANG_ANALYZER_NUMBER_OBJECT_CONVERSION = YES_AGGRESSIVE;
				CLANG_CXX_LANGUAGE_STANDARD = "gnu++14";
				CLANG_CXX_LIBRARY = "libc++";
				CLANG_ENABLE_MODULES = YES;
				CLANG_ENABLE_OBJC_ARC = YES;
				CLANG_ENABLE_OBJC_WEAK = YES;
				CLANG_WARN_BLOCK_CAPTURE_AUTORELEASING = YES;
				CLANG_WARN_BOOL_CONVERSION = YES;
				CLANG_WARN_COMMA = YES;
				CLANG_WARN_CONSTANT_CONVERSION = YES;
				CLANG_WARN_DEPRECATED_OBJC_IMPLEMENTATIONS = YES;
				CLANG_WARN_DIRECT_OBJC_ISA_USAGE = YES_ERROR;
				CLANG_WARN_DOCUMENTATION_COMMENTS = YES;
				CLANG_WARN_EMPTY_BODY = YES;
				CLANG_WARN_ENUM_CONVERSION = YES;
				CLANG_WARN_INFINITE_RECURSION = YES;
				CLANG_WARN_INT_CONVERSION = YES;
				CLANG_WARN_NON_LITERAL_NULL_CONVERSION = YES;
				CLANG_WARN_OBJC_IMPLICIT_RETAIN_SELF = YES;
				CLANG_WARN_OBJC_LITERAL_CONVERSION = YES;
				CLANG_WARN_OBJC_ROOT_CLASS = YES_ERROR;
				CLANG_WARN_RANGE_LOOP_ANALYSIS = YES;
				CLANG_WARN_STRICT_PROTOTYPES = YES;
				CLANG_WARN_SUSPICIOUS_MOVE = YES;
				CLANG_WARN_UNGUARDED_AVAILABILITY = YES_AGGRESSIVE;
				CLANG_WARN_UNREACHABLE_CODE = YES;
				CLANG_WARN__DUPLICATE_METHOD_MATCH = YES;
				COPY_PHASE_STRIP = NO;
				DEBUG_INFORMATION_FORMAT = "dwarf-with-dsym";
				ENABLE_NS_ASSERTIONS = NO;
				ENABLE_STRICT_OBJC_MSGSEND = YES;
				GCC_C_LANGUAGE_STANDARD = gnu11;
				GCC_NO_COMMON_BLOCKS = YES;
				GCC_WARN_64_TO_32_BIT_CONVERSION = YES;
				GCC_WARN_ABOUT_RETURN_TYPE = YES_ERROR;
				GCC_WARN_UNDECLARED_SELECTOR = YES;
				GCC_WARN_UNINITIALIZED_AUTOS = YES_AGGRESSIVE;
				GCC_WARN_UNUSED_FUNCTION = YES;
				GCC_WARN_UNUSED_VARIABLE = YES;
				MACOSX_DEPLOYMENT_TARGET = 10.15;
				MTL_ENABLE_DEBUG_INFO = NO;
				MTL_FAST_MATH = YES;
				SDKROOT = macosx;
				SWIFT_COMPILATION_MODE = wholemodule;
				SWIFT_OPTIMIZATION_LEVEL = "-O";
			};
			name = Release;
		};
		28B7296424FE17C2001DB36D /* Debug */ = {
			isa = XCBuildConfiguration;
			buildSettings = {
				ASSETCATALOG_COMPILER_APPICON_NAME = AppIcon;
				CODE_SIGN_ENTITLEMENTS = TestViewWrapper/TestViewWrapper.entitlements;
				CODE_SIGN_STYLE = Automatic;
				COMBINE_HIDPI_IMAGES = YES;
				DEVELOPMENT_ASSET_PATHS = "\"TestViewWrapper/Preview Content\"";
				ENABLE_PREVIEWS = YES;
				INFOPLIST_FILE = TestViewWrapper/Info.plist;
				LD_RUNPATH_SEARCH_PATHS = (
					"$(inherited)",
					"@executable_path/../Frameworks",
				);
				MACOSX_DEPLOYMENT_TARGET = 10.15;
				PRODUCT_BUNDLE_IDENTIFIER = com.swb.fire.TestViewWrapper;
				PRODUCT_NAME = "$(TARGET_NAME)";
				SWIFT_VERSION = 5.0;
			};
			name = Debug;
		};
		28B7296524FE17C2001DB36D /* Release */ = {
			isa = XCBuildConfiguration;
			buildSettings = {
				ASSETCATALOG_COMPILER_APPICON_NAME = AppIcon;
				CODE_SIGN_ENTITLEMENTS = TestViewWrapper/TestViewWrapper.entitlements;
				CODE_SIGN_STYLE = Automatic;
				COMBINE_HIDPI_IMAGES = YES;
				DEVELOPMENT_ASSET_PATHS = "\"TestViewWrapper/Preview Content\"";
				ENABLE_PREVIEWS = YES;
				INFOPLIST_FILE = TestViewWrapper/Info.plist;
				LD_RUNPATH_SEARCH_PATHS = (
					"$(inherited)",
					"@executable_path/../Frameworks",
				);
				MACOSX_DEPLOYMENT_TARGET = 10.15;
				PRODUCT_BUNDLE_IDENTIFIER = com.swb.fire.TestViewWrapper;
				PRODUCT_NAME = "$(TARGET_NAME)";
				SWIFT_VERSION = 5.0;
			};
			name = Release;
		};
/* End XCBuildConfiguration section */

/* Begin XCConfigurationList section */
		28B7294B24FE17C1001DB36D /* Build configuration list for PBXProject "TestViewWrapper" */ = {
			isa = XCConfigurationList;
			buildConfigurations = (
				28B7296124FE17C2001DB36D /* Debug */,
				28B7296224FE17C2001DB36D /* Release */,
			);
			defaultConfigurationIsVisible = 0;
			defaultConfigurationName = Release;
		};
		28B7296324FE17C2001DB36D /* Build configuration list for PBXNativeTarget "TestViewWrapper" */ = {
			isa = XCConfigurationList;
			buildConfigurations = (
				28B7296424FE17C2001DB36D /* Debug */,
				28B7296524FE17C2001DB36D /* Release */,
			);
			defaultConfigurationIsVisible = 0;
			defaultConfigurationName = Release;
		};
/* End XCConfigurationList section */
	};
	rootObject = 28B7294824FE17C1001DB36D /* Project object */;
}
